
Microsoft Visual Studio Solution File, Format Version 12.00
# Visual Studio Version 16
VisualStudioVersion = 16.0.29613.14
MinimumVisualStudioVersion = 10.0.40219.1
Project("{FAE04EC0-301F-11D3-BF4B-00C04F79EFBC}") = "WorldTimeAPI", "WorldTimeAPI\WorldTimeAPI.csproj", "{4DD96516-34C2-456F-B760-7B76E93A3737}"
EndProject
Project("{FAE04EC0-301F-11D3-BF4B-00C04F79EFBC}") = "WorldTimeAPI.Showcase", "WorldTimeAPI.Showcase\WorldTimeAPI.Showcase.csproj", "{6B973A42-C905-47DA-9256-1EF12125EC38}"
EndProject
Global
	GlobalSection(SolutionConfigurationPlatforms) = preSolution
		Debug|Any CPU = Debug|Any CPU
		Release|Any CPU = Release|Any CPU
	EndGlobalSection
	GlobalSection(ProjectConfigurationPlatforms) = postSolution
		{4DD96516-34C2-456F-B760-7B76E93A3737}.Debug|Any CPU.ActiveCfg = Debug|Any CPU
		{4DD96516-34C2-456F-B760-7B76E93A3737}.Debug|Any CPU.Build.0 = Debug|Any CPU
		{4DD96516-34C2-456F-B760-7B76E93A3737}.Release|Any CPU.ActiveCfg = Release|Any CPU
		{4DD96516-34C2-456F-B760-7B76E93A3737}.Release|Any CPU.Build.0 = Release|Any CPU
		{6B973A42-C905-47DA-9256-1EF12125EC38}.Debug|Any CPU.ActiveCfg = Debug|Any CPU
		{6B973A42-C905-47DA-9256-1EF12125EC38}.Debug|Any CPU.Build.0 = Debug|Any CPU
		{6B973A42-C905-47DA-9256-1EF12125EC38}.Release|Any CPU.ActiveCfg = Release|Any CPU
		{6B973A42-C905-47DA-9256-1EF12125EC38}.Release|Any CPU.Build.0 = Release|Any CPU
	EndGlobalSection
	GlobalSection(SolutionProperties) = preSolution
		HideSolutionNode = FALSE
	EndGlobalSection
	GlobalSection(ExtensibilityGlobals) = postSolution
		SolutionGuid = {52DA7648-0DAB-4A1A-953E-0313E79D37E4}
	EndGlobalSection
EndGlobal
